
Microsoft Visual Studio Solution File, Format Version 12.00
# Visual Studio Version 17
VisualStudioVersion = 17.11.35312.102
MinimumVisualStudioVersion = 10.0.40219.1
Project("{2150E333-8FDC-42A3-9474-1A3956D46DE8}") = "Services", "Services", "{9455089B-0F61-4EC2-957F-20A0EBA2A382}"
EndProject
Project("{2150E333-8FDC-42A3-9474-1A3956D46DE8}") = "Gateway", "Gateway", "{0F005458-11EC-48EA-B69C-D88326231ACF}"
EndProject
Project("{2150E333-8FDC-42A3-9474-1A3956D46DE8}") = "Intergration", "Intergration", "{574109CF-4898-4C0B-B291-A0DD7EA4D1A2}"
EndProject
Project("{2150E333-8FDC-42A3-9474-1A3956D46DE8}") = "FrontEnd", "FrontEnd", "{885029ED-ECB2-4C47-B58A-420F86C95C12}"
EndProject
Project("{9A19103F-16F7-4668-BE54-9A1E7A4F7556}") = "Microservices.Services.CouponAPI", "Microservices.Services.CouponAPI\Microservices.Services.CouponAPI.csproj", "{EA8A4B0A-66E2-468D-91E9-4AAEA60B299B}"
EndProject
Project("{9A19103F-16F7-4668-BE54-9A1E7A4F7556}") = "Microservices.Web", "Microservices.Web\Microservices.Web.csproj", "{DA85B8C9-0650-4380-8E06-28BD39EBF208}"
EndProject
Project("{FAE04EC0-301F-11D3-BF4B-00C04F79EFBC}") = "Microservices.Services.AuthAPI", "Microservices.Services.AuthAPI\Microservices.Services.AuthAPI.csproj", "{A94237C8-C17E-4AA9-8C88-8C2B10F59AFE}"
EndProject
Global
	GlobalSection(SolutionConfigurationPlatforms) = preSolution
		Debug|Any CPU = Debug|Any CPU
		Release|Any CPU = Release|Any CPU
	EndGlobalSection
	GlobalSection(ProjectConfigurationPlatforms) = postSolution
		{EA8A4B0A-66E2-468D-91E9-4AAEA60B299B}.Debug|Any CPU.ActiveCfg = Debug|Any CPU
		{EA8A4B0A-66E2-468D-91E9-4AAEA60B299B}.Debug|Any CPU.Build.0 = Debug|Any CPU
		{EA8A4B0A-66E2-468D-91E9-4AAEA60B299B}.Release|Any CPU.ActiveCfg = Release|Any CPU
		{EA8A4B0A-66E2-468D-91E9-4AAEA60B299B}.Release|Any CPU.Build.0 = Release|Any CPU
		{DA85B8C9-0650-4380-8E06-28BD39EBF208}.Debug|Any CPU.ActiveCfg = Debug|Any CPU
		{DA85B8C9-0650-4380-8E06-28BD39EBF208}.Debug|Any CPU.Build.0 = Debug|Any CPU
		{DA85B8C9-0650-4380-8E06-28BD39EBF208}.Release|Any CPU.ActiveCfg = Release|Any CPU
		{DA85B8C9-0650-4380-8E06-28BD39EBF208}.Release|Any CPU.Build.0 = Release|Any CPU
		{A94237C8-C17E-4AA9-8C88-8C2B10F59AFE}.Debug|Any CPU.ActiveCfg = Debug|Any CPU
		{A94237C8-C17E-4AA9-8C88-8C2B10F59AFE}.Debug|Any CPU.Build.0 = Debug|Any CPU
		{A94237C8-C17E-4AA9-8C88-8C2B10F59AFE}.Release|Any CPU.ActiveCfg = Release|Any CPU
		{A94237C8-C17E-4AA9-8C88-8C2B10F59AFE}.Release|Any CPU.Build.0 = Release|Any CPU
	EndGlobalSection
	GlobalSection(SolutionProperties) = preSolution
		HideSolutionNode = FALSE
	EndGlobalSection
	GlobalSection(NestedProjects) = preSolution
		{EA8A4B0A-66E2-468D-91E9-4AAEA60B299B} = {9455089B-0F61-4EC2-957F-20A0EBA2A382}
		{DA85B8C9-0650-4380-8E06-28BD39EBF208} = {885029ED-ECB2-4C47-B58A-420F86C95C12}
		{A94237C8-C17E-4AA9-8C88-8C2B10F59AFE} = {9455089B-0F61-4EC2-957F-20A0EBA2A382}
	EndGlobalSection
	GlobalSection(ExtensibilityGlobals) = postSolution
		SolutionGuid = {FE5E0A80-37D8-4DA2-9C5F-F6A10F09BB33}
	EndGlobalSection
EndGlobal
